
Microsoft Visual Studio Solution File, Format Version 12.00
# Visual Studio 15
VisualStudioVersion = 15.0.27130.2003
MinimumVisualStudioVersion = 10.0.40219.1
Project("{8BC9CEB8-8B4A-11D0-8D11-00A0C91BC942}") = "SADXAndKnuckles", "SADXAndKnuckles\SADXAndKnuckles.vcxproj", "{68E1B99C-194A-44D8-B31D-14E9CCCBEA37}"
EndProject
Global
	GlobalSection(SolutionConfigurationPlatforms) = preSolution
		Debug|x86 = Debug|x86
		Release|x86 = Release|x86
	EndGlobalSection
	GlobalSection(ProjectConfigurationPlatforms) = postSolution
		{68E1B99C-194A-44D8-B31D-14E9CCCBEA37}.Debug|x86.ActiveCfg = Debug|Win32
		{68E1B99C-194A-44D8-B31D-14E9CCCBEA37}.Debug|x86.Build.0 = Debug|Win32
		{68E1B99C-194A-44D8-B31D-14E9CCCBEA37}.Release|x86.ActiveCfg = Release|Win32
		{68E1B99C-194A-44D8-B31D-14E9CCCBEA37}.Release|x86.Build.0 = Release|Win32
	EndGlobalSection
	GlobalSection(SolutionProperties) = preSolution
		HideSolutionNode = FALSE
	EndGlobalSection
	GlobalSection(ExtensibilityGlobals) = postSolution
		SolutionGuid = {D7328D92-AEBB-4451-BBE8-4D264564393E}
	EndGlobalSection
EndGlobal
